
Microsoft Visual Studio Solution File, Format Version 12.00
# Visual Studio Version 17
VisualStudioVersion = 17.5.33627.172
MinimumVisualStudioVersion = 10.0.40219.1
Project("{9A19103F-16F7-4668-BE54-9A1E7A4F7556}") = "PictureSellingWeb", "PictureSellingWeb\PictureSellingWeb.csproj", "{1160E99F-1FAD-4251-A5CA-22E5C2F5BF45}"
EndProject
Global
	GlobalSection(SolutionConfigurationPlatforms) = preSolution
		Debug|Any CPU = Debug|Any CPU
		Release|Any CPU = Release|Any CPU
	EndGlobalSection
	GlobalSection(ProjectConfigurationPlatforms) = postSolution
		{1160E99F-1FAD-4251-A5CA-22E5C2F5BF45}.Debug|Any CPU.ActiveCfg = Debug|Any CPU
		{1160E99F-1FAD-4251-A5CA-22E5C2F5BF45}.Debug|Any CPU.Build.0 = Debug|Any CPU
		{1160E99F-1FAD-4251-A5CA-22E5C2F5BF45}.Release|Any CPU.ActiveCfg = Release|Any CPU
		{1160E99F-1FAD-4251-A5CA-22E5C2F5BF45}.Release|Any CPU.Build.0 = Release|Any CPU
	EndGlobalSection
	GlobalSection(SolutionProperties) = preSolution
		HideSolutionNode = FALSE
	EndGlobalSection
	GlobalSection(ExtensibilityGlobals) = postSolution
		SolutionGuid = {BF969D59-AFBF-4AD6-9FD6-6E25A0C3CFF3}
	EndGlobalSection
EndGlobal
